// !$*UTF8*$!
{
	archiveVersion = 1;
	classes = {
	};
	objectVersion = 46;
	objects = {

/* Begin PBXBuildFile section */
		655777FC19AAE0C500B1510C /* main.m in Sources */ = {isa = PBXBuildFile; fileRef = 655777FB19AAE0C500B1510C /* main.m */; };
/* End PBXBuildFile section */

/* Begin PBXCopyFilesBuildPhase section */
		655777F619AAE0C500B1510C /* CopyFiles */ = {
			isa = PBXCopyFilesBuildPhase;
			buildActionMask = 2147483647;
			dstPath = /usr/share/man/man1/;
			dstSubfolderSpec = 0;
			files = (
			);
			runOnlyForDeploymentPostprocessing = 1;
		};
/* End PBXCopyFilesBuildPhase section */

/* Begin PBXFileReference section */
		655777F819AAE0C500B1510C /* ClassSearchHelperCLT */ = {isa = PBXFileReference; explicitFileType = "compiled.mach-o.executable"; includeInIndex = 0; path = ClassSearchHelperCLT; sourceTree = BUILT_PRODUCTS_DIR; };
		655777FB19AAE0C500B1510C /* main.m */ = {isa = PBXFileReference; lastKnownFileType = sourcecode.c.objc; path = main.m; sourceTree = "<group>"; };
/* End PBXFileReference section */

/* Begin PBXFrameworksBuildPhase section */
		655777F519AAE0C500B1510C /* Frameworks */ = {
			isa = PBXFrameworksBuildPhase;
			buildActionMask = 2147483647;
			files = (
			);
			runOnlyForDeploymentPostprocessing = 0;
		};
/* End PBXFrameworksBuildPhase section */

/* Begin PBXGroup section */
		655777EF19AAE0C500B1510C = {
			isa = PBXGroup;
			children = (
				655777FA19AAE0C500B1510C /* ClassSearchHelperCLT */,
				655777F919AAE0C500B1510C /* Products */,
			);
			sourceTree = "<group>";
		};
		655777F919AAE0C500B1510C /* Products */ = {
			isa = PBXGroup;
			children = (
				655777F819AAE0C500B1510C /* ClassSearchHelperCLT */,
			);
			name = Products;
			sourceTree = "<group>";
		};
		655777FA19AAE0C500B1510C /* ClassSearchHelperCLT */ = {
			isa = PBXGroup;
			children = (
				655777FB19AAE0C500B1510C /* main.m */,
			);
			path = ClassSearchHelperCLT;
			sourceTree = "<group>";
		};
/* End PBXGroup section */

/* Begin PBXNativeTarget section */
		655777F719AAE0C500B1510C /* ClassSearchHelperCLT */ = {
			isa = PBXNativeTarget;
			buildConfigurationList = 655777FF19AAE0C500B1510C /* Build configuration list for PBXNativeTarget "ClassSearchHelperCLT" */;
			buildPhases = (
				655777F419AAE0C500B1510C /* Sources */,
				655777F519AAE0C500B1510C /* Frameworks */,
				655777F619AAE0C500B1510C /* CopyFiles */,
			);
			buildRules = (
			);
			dependencies = (
			);
			name = ClassSearchHelperCLT;
			productName = ClassSearchHelperCLT;
			productReference = 655777F819AAE0C500B1510C /* ClassSearchHelperCLT */;
			productType = "com.apple.product-type.tool";
		};
/* End PBXNativeTarget section */

/* Begin PBXProject section */
		655777F019AAE0C500B1510C /* Project object */ = {
			isa = PBXProject;
			attributes = {
				LastUpgradeCheck = 0600;
				ORGANIZATIONNAME = "Shuyang Li";
				TargetAttributes = {
					655777F719AAE0C500B1510C = {
						CreatedOnToolsVersion = 6.0;
					};
				};
			};
			buildConfigurationList = 655777F319AAE0C500B1510C /* Build configuration list for PBXProject "ClassSearchHelperCLT" */;
			compatibilityVersion = "Xcode 3.2";
			developmentRegion = English;
			hasScannedForEncodings = 0;
			knownRegions = (
				en,
			);
			mainGroup = 655777EF19AAE0C500B1510C;
			productRefGroup = 655777F919AAE0C500B1510C /* Products */;
			projectDirPath = "";
			projectRoot = "";
			targets = (
				655777F719AAE0C500B1510C /* ClassSearchHelperCLT */,
			);
		};
/* End PBXProject section */

/* Begin PBXSourcesBuildPhase section */
		655777F419AAE0C500B1510C /* Sources */ = {
			isa = PBXSourcesBuildPhase;
			buildActionMask = 2147483647;
			files = (
				655777FC19AAE0C500B1510C /* main.m in Sources */,
			);
			runOnlyForDeploymentPostprocessing = 0;
		};
/* End PBXSourcesBuildPhase section */

/* Begin XCBuildConfiguration section */
		655777FD19AAE0C500B1510C /* Debug */ = {
			isa = XCBuildConfiguration;
			buildSettings = {
				ALWAYS_SEARCH_USER_PATHS = NO;
				CLANG_CXX_LANGUAGE_STANDARD = "gnu++0x";
				CLANG_CXX_LIBRARY = "libc++";
				CLANG_ENABLE_MODULES = YES;
				CLANG_ENABLE_OBJC_ARC = YES;
				CLANG_WARN_BOOL_CONVERSION = YES;
				CLANG_WARN_CONSTANT_CONVERSION = YES;
				CLANG_WARN_DIRECT_OBJC_ISA_USAGE = YES_ERROR;
				CLANG_WARN_EMPTY_BODY = YES;
				CLANG_WARN_ENUM_CONVERSION = YES;
				CLANG_WARN_INT_CONVERSION = YES;
				CLANG_WARN_OBJC_ROOT_CLASS = YES_ERROR;
				CLANG_WARN_UNREACHABLE_CODE = YES;
				CLANG_WARN__DUPLICATE_METHOD_MATCH = YES;
				COPY_PHASE_STRIP = NO;
				ENABLE_STRICT_OBJC_MSGSEND = YES;
				GCC_C_LANGUAGE_STANDARD = gnu99;
				GCC_DYNAMIC_NO_PIC = NO;
				GCC_OPTIMIZATION_LEVEL = 0;
				GCC_PREPROCESSOR_DEFINITIONS = (
					"DEBUG=1",
					"$(inherited)",
				);
				GCC_SYMBOLS_PRIVATE_EXTERN = NO;
				GCC_WARN_64_TO_32_BIT_CONVERSION = YES;
				GCC_WARN_ABOUT_RETURN_TYPE = YES_ERROR;
				GCC_WARN_UNDECLARED_SELECTOR = YES;
				GCC_WARN_UNINITIALIZED_AUTOS = YES_AGGRESSIVE;
				GCC_WARN_UNUSED_FUNCTION = YES;
				GCC_WARN_UNUSED_VARIABLE = YES;
				MACOSX_DEPLOYMENT_TARGET = 10.9;
				MTL_ENABLE_DEBUG_INFO = YES;
				ONLY_ACTIVE_ARCH = YES;
				SDKROOT = macosx;
			};
			name = Debug;
		};
		655777FE19AAE0C500B1510C /* Release */ = {
			isa = XCBuildConfiguration;
			buildSettings = {
				ALWAYS_SEARCH_USER_PATHS = NO;
				CLANG_CXX_LANGUAGE_STANDARD = "gnu++0x";
				CLANG_CXX_LIBRARY = "libc++";
				CLANG_ENABLE_MODULES = YES;
				CLANG_ENABLE_OBJC_ARC = YES;
				CLANG_WARN_BOOL_CONVERSION = YES;
				CLANG_WARN_CONSTANT_CONVERSION = YES;
				CLANG_WARN_DIRECT_OBJC_ISA_USAGE = YES_ERROR;
				CLANG_WARN_EMPTY_BODY = YES;
				CLANG_WARN_ENUM_CONVERSION = YES;
				CLANG_WARN_INT_CONVERSION = YES;
				CLANG_WARN_OBJC_ROOT_CLASS = YES_ERROR;
				CLANG_WARN_UNREACHABLE_CODE = YES;
				CLANG_WARN__DUPLICATE_METHOD_MATCH = YES;
				COPY_PHASE_STRIP = YES;
				DEBUG_INFORMATION_FORMAT = "dwarf-with-dsym";
				ENABLE_NS_ASSERTIONS = NO;
				ENABLE_STRICT_OBJC_MSGSEND = YES;
				GCC_C_LANGUAGE_STANDARD = gnu99;
				GCC_WARN_64_TO_32_BIT_CONVERSION = YES;
				GCC_WARN_ABOUT_RETURN_TYPE = YES_ERROR;
				GCC_WARN_UNDECLARED_SELECTOR = YES;
				GCC_WARN_UNINITIALIZED_AUTOS = YES_AGGRESSIVE;
				GCC_WARN_UNUSED_FUNCTION = YES;
				GCC_WARN_UNUSED_VARIABLE = YES;
				MACOSX_DEPLOYMENT_TARGET = 10.9;
				MTL_ENABLE_DEBUG_INFO = NO;
				SDKROOT = macosx;
			};
			name = Release;
		};
		6557780019AAE0C500B1510C /* Debug */ = {
			isa = XCBuildConfiguration;
			buildSettings = {
				PRODUCT_NAME = "$(TARGET_NAME)";
			};
			name = Debug;
		};
		6557780119AAE0C500B1510C /* Release */ = {
			isa = XCBuildConfiguration;
			buildSettings = {
				PRODUCT_NAME = "$(TARGET_NAME)";
			};
			name = Release;
		};
/* End XCBuildConfiguration section */

/* Begin XCConfigurationList section */
		655777F319AAE0C500B1510C /* Build configuration list for PBXProject "ClassSearchHelperCLT" */ = {
			isa = XCConfigurationList;
			buildConfigurations = (
				655777FD19AAE0C500B1510C /* Debug */,
				655777FE19AAE0C500B1510C /* Release */,
			);
			defaultConfigurationIsVisible = 0;
			defaultConfigurationName = Release;
		};
		655777FF19AAE0C500B1510C /* Build configuration list for PBXNativeTarget "ClassSearchHelperCLT" */ = {
			isa = XCConfigurationList;
			buildConfigurations = (
				6557780019AAE0C500B1510C /* Debug */,
				6557780119AAE0C500B1510C /* Release */,
			);
			defaultConfigurationIsVisible = 0;
		};
/* End XCConfigurationList section */
	};
	rootObject = 655777F019AAE0C500B1510C /* Project object */;
}
